
Microsoft Visual Studio Solution File, Format Version 12.00
# Visual Studio 15
VisualStudioVersion = 15.0.28010.2036
MinimumVisualStudioVersion = 10.0.40219.1
Project("{FAE04EC0-301F-11D3-BF4B-00C04F79EFBC}") = "CadastroFuncionario", "CadastroFuncionario\CadastroFuncionario.csproj", "{488E5AA6-AEE3-48C1-AFCC-DE6584E064B6}"
EndProject
Global
	GlobalSection(SolutionConfigurationPlatforms) = preSolution
		Debug|Any CPU = Debug|Any CPU
		Release|Any CPU = Release|Any CPU
	EndGlobalSection
	GlobalSection(ProjectConfigurationPlatforms) = postSolution
		{488E5AA6-AEE3-48C1-AFCC-DE6584E064B6}.Debug|Any CPU.ActiveCfg = Debug|Any CPU
		{488E5AA6-AEE3-48C1-AFCC-DE6584E064B6}.Debug|Any CPU.Build.0 = Debug|Any CPU
		{488E5AA6-AEE3-48C1-AFCC-DE6584E064B6}.Release|Any CPU.ActiveCfg = Release|Any CPU
		{488E5AA6-AEE3-48C1-AFCC-DE6584E064B6}.Release|Any CPU.Build.0 = Release|Any CPU
	EndGlobalSection
	GlobalSection(SolutionProperties) = preSolution
		HideSolutionNode = FALSE
	EndGlobalSection
	GlobalSection(ExtensibilityGlobals) = postSolution
		SolutionGuid = {351FFA71-2C09-486C-BF26-AFD0BA7EB664}
	EndGlobalSection
EndGlobal
