
Microsoft Visual Studio Solution File, Format Version 12.00
# Visual Studio 15
VisualStudioVersion = 15.0.28010.2036
MinimumVisualStudioVersion = 10.0.40219.1
Project("{FAE04EC0-301F-11D3-BF4B-00C04F79EFBC}") = "Pensao", "Pensao\Pensao.csproj", "{F3959F11-F509-4AD9-B74C-C286D1B8B656}"
EndProject
Global
	GlobalSection(SolutionConfigurationPlatforms) = preSolution
		Debug|Any CPU = Debug|Any CPU
		Release|Any CPU = Release|Any CPU
	EndGlobalSection
	GlobalSection(ProjectConfigurationPlatforms) = postSolution
		{F3959F11-F509-4AD9-B74C-C286D1B8B656}.Debug|Any CPU.ActiveCfg = Debug|Any CPU
		{F3959F11-F509-4AD9-B74C-C286D1B8B656}.Debug|Any CPU.Build.0 = Debug|Any CPU
		{F3959F11-F509-4AD9-B74C-C286D1B8B656}.Release|Any CPU.ActiveCfg = Release|Any CPU
		{F3959F11-F509-4AD9-B74C-C286D1B8B656}.Release|Any CPU.Build.0 = Release|Any CPU
	EndGlobalSection
	GlobalSection(SolutionProperties) = preSolution
		HideSolutionNode = FALSE
	EndGlobalSection
	GlobalSection(ExtensibilityGlobals) = postSolution
		SolutionGuid = {DCA479A9-577F-44E9-BE6E-7C6DEDD9D1C6}
	EndGlobalSection
EndGlobal
