
Microsoft Visual Studio Solution File, Format Version 12.00
# Visual Studio 15
VisualStudioVersion = 15.0.28010.2036
MinimumVisualStudioVersion = 10.0.40219.1
Project("{FAE04EC0-301F-11D3-BF4B-00C04F79EFBC}") = "TriangRet", "TriangRet\TriangRet.csproj", "{DD9BE664-15C2-4405-9AAF-D942DE9A34F3}"
EndProject
Global
	GlobalSection(SolutionConfigurationPlatforms) = preSolution
		Debug|Any CPU = Debug|Any CPU
		Release|Any CPU = Release|Any CPU
	EndGlobalSection
	GlobalSection(ProjectConfigurationPlatforms) = postSolution
		{DD9BE664-15C2-4405-9AAF-D942DE9A34F3}.Debug|Any CPU.ActiveCfg = Debug|Any CPU
		{DD9BE664-15C2-4405-9AAF-D942DE9A34F3}.Debug|Any CPU.Build.0 = Debug|Any CPU
		{DD9BE664-15C2-4405-9AAF-D942DE9A34F3}.Release|Any CPU.ActiveCfg = Release|Any CPU
		{DD9BE664-15C2-4405-9AAF-D942DE9A34F3}.Release|Any CPU.Build.0 = Release|Any CPU
	EndGlobalSection
	GlobalSection(SolutionProperties) = preSolution
		HideSolutionNode = FALSE
	EndGlobalSection
	GlobalSection(ExtensibilityGlobals) = postSolution
		SolutionGuid = {0B841911-5020-40C3-A08B-735DF8E78C5A}
	EndGlobalSection
EndGlobal
