
Microsoft Visual Studio Solution File, Format Version 12.00
# Visual Studio 15
VisualStudioVersion = 15.0.28010.2036
MinimumVisualStudioVersion = 10.0.40219.1
Project("{FAE04EC0-301F-11D3-BF4B-00C04F79EFBC}") = "ExercEnum", "ExercEnum\ExercEnum.csproj", "{791B9AE5-973E-4795-BE3B-C0023040ACE5}"
EndProject
Global
	GlobalSection(SolutionConfigurationPlatforms) = preSolution
		Debug|Any CPU = Debug|Any CPU
		Release|Any CPU = Release|Any CPU
	EndGlobalSection
	GlobalSection(ProjectConfigurationPlatforms) = postSolution
		{791B9AE5-973E-4795-BE3B-C0023040ACE5}.Debug|Any CPU.ActiveCfg = Debug|Any CPU
		{791B9AE5-973E-4795-BE3B-C0023040ACE5}.Debug|Any CPU.Build.0 = Debug|Any CPU
		{791B9AE5-973E-4795-BE3B-C0023040ACE5}.Release|Any CPU.ActiveCfg = Release|Any CPU
		{791B9AE5-973E-4795-BE3B-C0023040ACE5}.Release|Any CPU.Build.0 = Release|Any CPU
	EndGlobalSection
	GlobalSection(SolutionProperties) = preSolution
		HideSolutionNode = FALSE
	EndGlobalSection
	GlobalSection(ExtensibilityGlobals) = postSolution
		SolutionGuid = {7EB4CA6C-3D38-417A-9823-4A24E9D5B27F}
	EndGlobalSection
EndGlobal
